lockfileVersion: '9.0'

settings:
  autoInstallPeers: true
  excludeLinksFromLockfile: false

catalogs:
  default:
    '@types/node':
      specifier: ^25.6.0
      version: 25.6.0
    '@typescript/native-preview':
      specifier: 7.0.0-dev.20260428.1
      version: 7.0.0-dev.20260428.1
    '@virtual-live-lab/tsconfig':
      specifier: ^2.1.21
      version: 2.1.21
    tsx:
      specifier: ^4.21.0
      version: 4.21.0

importers:

  .:
    devDependencies:
      '@types/node':
        specifier: 'catalog:'
        version: 25.6.0
      '@typescript/native-preview':
        specifier: 'catalog:'
        version: 7.0.0-dev.20260428.1
      '@virtual-live-lab/tsconfig':
        specifier: 'catalog:'
        version: 2.1.21(typescript@5.9.3)
      oxfmt:
        specifier: 0.47.0
        version: 0.47.0
      tsx:
        specifier: 'catalog:'
        version: 4.21.0
      ttsc:
        specifier: 0.4.4
        version: 0.4.4

packages:

  '@esbuild/aix-ppc64@0.27.7':
    resolution: {integrity: sha512-EKX3Qwmhz1eMdEJokhALr0YiD0lhQNwDqkPYyPhiSwKrh7/4KRjQc04sZ8db+5DVVnZ1LmbNDI1uAMPEUBnQPg==, tarball: https://registry.npmjs.org/@esbuild/aix-ppc64/-/aix-ppc64-0.27.7.tgz}
    engines: {node: '>=18'}
    cpu: [ppc64]
    os: [aix]

  '@esbuild/android-arm64@0.27.7':
    resolution: {integrity: sha512-62dPZHpIXzvChfvfLJow3q5dDtiNMkwiRzPylSCfriLvZeq0a1bWChrGx/BbUbPwOrsWKMn8idSllklzBy+dgQ==, tarball: https://registry.npmjs.org/@esbuild/android-arm64/-/android-arm64-0.27.7.tgz}
    engines: {node: '>=18'}
    cpu: [arm64]
    os: [android]

  '@esbuild/android-arm@0.27.7':
    resolution: {integrity: sha512-jbPXvB4Yj2yBV7HUfE2KHe4GJX51QplCN1pGbYjvsyCZbQmies29EoJbkEc+vYuU5o45AfQn37vZlyXy4YJ8RQ==, tarball: https://registry.npmjs.org/@esbuild/android-arm/-/android-arm-0.27.7.tgz}
    engines: {node: '>=18'}
    cpu: [arm]
    os: [android]

  '@esbuild/android-x64@0.27.7':
    resolution: {integrity: sha512-x5VpMODneVDb70PYV2VQOmIUUiBtY3D3mPBG8NxVk5CogneYhkR7MmM3yR/uMdITLrC1ml/NV1rj4bMJuy9MCg==, tarball: https://registry.npmjs.org/@esbuild/android-x64/-/android-x64-0.27.7.tgz}
    engines: {node: '>=18'}
    cpu: [x64]
    os: [android]

  '@esbuild/darwin-arm64@0.27.7':
    resolution: {integrity: sha512-5lckdqeuBPlKUwvoCXIgI2D9/ABmPq3Rdp7IfL70393YgaASt7tbju3Ac+ePVi3KDH6N2RqePfHnXkaDtY9fkw==, tarball: https://registry.npmjs.org/@esbuild/darwin-arm64/-/darwin-arm64-0.27.7.tgz}
    engines: {node: '>=18'}
    cpu: [arm64]
    os: [darwin]

  '@esbuild/darwin-x64@0.27.7':
    resolution: {integrity: sha512-rYnXrKcXuT7Z+WL5K980jVFdvVKhCHhUwid+dDYQpH+qu+TefcomiMAJpIiC2EM3Rjtq0sO3StMV/+3w3MyyqQ==, tarball: https://registry.npmjs.org/@esbuild/darwin-x64/-/darwin-x64-0.27.7.tgz}
    engines: {node: '>=18'}
    cpu: [x64]
    os: [darwin]

  '@esbuild/freebsd-arm64@0.27.7':
    resolution: {integrity: sha512-B48PqeCsEgOtzME2GbNM2roU29AMTuOIN91dsMO30t+Ydis3z/3Ngoj5hhnsOSSwNzS+6JppqWsuhTp6E82l2w==, tarball: https://registry.npmjs.org/@esbuild/freebsd-arm64/-/freebsd-arm64-0.27.7.tgz}
    engines: {node: '>=18'}
    cpu: [arm64]
    os: [freebsd]

  '@esbuild/freebsd-x64@0.27.7':
    resolution: {integrity: sha512-jOBDK5XEjA4m5IJK3bpAQF9/Lelu/Z9ZcdhTRLf4cajlB+8VEhFFRjWgfy3M1O4rO2GQ/b2dLwCUGpiF/eATNQ==, tarball: https://registry.npmjs.org/@esbuild/freebsd-x64/-/freebsd-x64-0.27.7.tgz}
    engines: {node: '>=18'}
    cpu: [x64]
    os: [freebsd]

  '@esbuild/linux-arm64@0.27.7':
    resolution: {integrity: sha512-RZPHBoxXuNnPQO9rvjh5jdkRmVizktkT7TCDkDmQ0W2SwHInKCAV95GRuvdSvA7w4VMwfCjUiPwDi0ZO6Nfe9A==, tarball: https://registry.npmjs.org/@esbuild/linux-arm64/-/linux-arm64-0.27.7.tgz}
    engines: {node: '>=18'}
    cpu: [arm64]
    os: [linux]

  '@esbuild/linux-arm@0.27.7':
    resolution: {integrity: sha512-RkT/YXYBTSULo3+af8Ib0ykH8u2MBh57o7q/DAs3lTJlyVQkgQvlrPTnjIzzRPQyavxtPtfg0EopvDyIt0j1rA==, tarball: https://registry.npmjs.org/@esbuild/linux-arm/-/linux-arm-0.27.7.tgz}
    engines: {node: '>=18'}
    cpu: [arm]
    os: [linux]

  '@esbuild/linux-ia32@0.27.7':
    resolution: {integrity: sha512-GA48aKNkyQDbd3KtkplYWT102C5sn/EZTY4XROkxONgruHPU72l+gW+FfF8tf2cFjeHaRbWpOYa/uRBz/Xq1Pg==, tarball: https://registry.npmjs.org/@esbuild/linux-ia32/-/linux-ia32-0.27.7.tgz}
    engines: {node: '>=18'}
    cpu: [ia32]
    os: [linux]

  '@esbuild/linux-loong64@0.27.7':
    resolution: {integrity: sha512-a4POruNM2oWsD4WKvBSEKGIiWQF8fZOAsycHOt6JBpZ+JN2n2JH9WAv56SOyu9X5IqAjqSIPTaJkqN8F7XOQ5Q==, tarball: https://registry.npmjs.org/@esbuild/linux-loong64/-/linux-loong64-0.27.7.tgz}
    engines: {node: '>=18'}
    cpu: [loong64]
    os: [linux]

  '@esbuild/linux-mips64el@0.27.7':
    resolution: {integrity: sha512-KabT5I6StirGfIz0FMgl1I+R1H73Gp0ofL9A3nG3i/cYFJzKHhouBV5VWK1CSgKvVaG4q1RNpCTR2LuTVB3fIw==, tarball: https://registry.npmjs.org/@esbuild/linux-mips64el/-/linux-mips64el-0.27.7.tgz}
    engines: {node: '>=18'}
    cpu: [mips64el]
    os: [linux]

  '@esbuild/linux-ppc64@0.27.7':
    resolution: {integrity: sha512-gRsL4x6wsGHGRqhtI+ifpN/vpOFTQtnbsupUF5R5YTAg+y/lKelYR1hXbnBdzDjGbMYjVJLJTd2OFmMewAgwlQ==, tarball: https://registry.npmjs.org/@esbuild/linux-ppc64/-/linux-ppc64-0.27.7.tgz}
    engines: {node: '>=18'}
    cpu: [ppc64]
    os: [linux]

  '@esbuild/linux-riscv64@0.27.7':
    resolution: {integrity: sha512-hL25LbxO1QOngGzu2U5xeXtxXcW+/GvMN3ejANqXkxZ/opySAZMrc+9LY/WyjAan41unrR3YrmtTsUpwT66InQ==, tarball: https://registry.npmjs.org/@esbuild/linux-riscv64/-/linux-riscv64-0.27.7.tgz}
    engines: {node: '>=18'}
    cpu: [riscv64]
    os: [linux]

  '@esbuild/linux-s390x@0.27.7':
    resolution: {integrity: sha512-2k8go8Ycu1Kb46vEelhu1vqEP+UeRVj2zY1pSuPdgvbd5ykAw82Lrro28vXUrRmzEsUV0NzCf54yARIK8r0fdw==, tarball: https://registry.npmjs.org/@esbuild/linux-s390x/-/linux-s390x-0.27.7.tgz}
    engines: {node: '>=18'}
    cpu: [s390x]
    os: [linux]

  '@esbuild/linux-x64@0.27.7':
    resolution: {integrity: sha512-hzznmADPt+OmsYzw1EE33ccA+HPdIqiCRq7cQeL1Jlq2gb1+OyWBkMCrYGBJ+sxVzve2ZJEVeePbLM2iEIZSxA==, tarball: https://registry.npmjs.org/@esbuild/linux-x64/-/linux-x64-0.27.7.tgz}
    engines: {node: '>=18'}
    cpu: [x64]
    os: [linux]

  '@esbuild/netbsd-arm64@0.27.7':
    resolution: {integrity: sha512-b6pqtrQdigZBwZxAn1UpazEisvwaIDvdbMbmrly7cDTMFnw/+3lVxxCTGOrkPVnsYIosJJXAsILG9XcQS+Yu6w==, tarball: https://registry.npmjs.org/@esbuild/netbsd-arm64/-/netbsd-arm64-0.27.7.tgz}
    engines: {node: '>=18'}
    cpu: [arm64]
    os: [netbsd]

  '@esbuild/netbsd-x64@0.27.7':
    resolution: {integrity: sha512-OfatkLojr6U+WN5EDYuoQhtM+1xco+/6FSzJJnuWiUw5eVcicbyK3dq5EeV/QHT1uy6GoDhGbFpprUiHUYggrw==, tarball: https://registry.npmjs.org/@esbuild/netbsd-x64/-/netbsd-x64-0.27.7.tgz}
    engines: {node: '>=18'}
    cpu: [x64]
    os: [netbsd]

  '@esbuild/openbsd-arm64@0.27.7':
    resolution: {integrity: sha512-AFuojMQTxAz75Fo8idVcqoQWEHIXFRbOc1TrVcFSgCZtQfSdc1RXgB3tjOn/krRHENUB4j00bfGjyl2mJrU37A==, tarball: https://registry.npmjs.org/@esbuild/openbsd-arm64/-/openbsd-arm64-0.27.7.tgz}
    engines: {node: '>=18'}
    cpu: [arm64]
    os: [openbsd]

  '@esbuild/openbsd-x64@0.27.7':
    resolution: {integrity: sha512-+A1NJmfM8WNDv5CLVQYJ5PshuRm/4cI6WMZRg1by1GwPIQPCTs1GLEUHwiiQGT5zDdyLiRM/l1G0Pv54gvtKIg==, tarball: https://registry.npmjs.org/@esbuild/openbsd-x64/-/openbsd-x64-0.27.7.tgz}
    engines: {node: '>=18'}
    cpu: [x64]
    os: [openbsd]

  '@esbuild/openharmony-arm64@0.27.7':
    resolution: {integrity: sha512-+KrvYb/C8zA9CU/g0sR6w2RBw7IGc5J2BPnc3dYc5VJxHCSF1yNMxTV5LQ7GuKteQXZtspjFbiuW5/dOj7H4Yw==, tarball: https://registry.npmjs.org/@esbuild/openharmony-arm64/-/openharmony-arm64-0.27.7.tgz}
    engines: {node: '>=18'}
    cpu: [arm64]
    os: [openharmony]

  '@esbuild/sunos-x64@0.27.7':
    resolution: {integrity: sha512-ikktIhFBzQNt/QDyOL580ti9+5mL/YZeUPKU2ivGtGjdTYoqz6jObj6nOMfhASpS4GU4Q/Clh1QtxWAvcYKamA==, tarball: https://registry.npmjs.org/@esbuild/sunos-x64/-/sunos-x64-0.27.7.tgz}
    engines: {node: '>=18'}
    cpu: [x64]
    os: [sunos]

  '@esbuild/win32-arm64@0.27.7':
    resolution: {integrity: sha512-7yRhbHvPqSpRUV7Q20VuDwbjW5kIMwTHpptuUzV+AA46kiPze5Z7qgt6CLCK3pWFrHeNfDd1VKgyP4O+ng17CA==, tarball: https://registry.npmjs.org/@esbuild/win32-arm64/-/win32-arm64-0.27.7.tgz}
    engines: {node: '>=18'}
    cpu: [arm64]
    os: [win32]

  '@esbuild/win32-ia32@0.27.7':
    resolution: {integrity: sha512-SmwKXe6VHIyZYbBLJrhOoCJRB/Z1tckzmgTLfFYOfpMAx63BJEaL9ExI8x7v0oAO3Zh6D/Oi1gVxEYr5oUCFhw==, tarball: https://registry.npmjs.org/@esbuild/win32-ia32/-/win32-ia32-0.27.7.tgz}
    engines: {node: '>=18'}
    cpu: [ia32]
    os: [win32]

  '@esbuild/win32-x64@0.27.7':
    resolution: {integrity: sha512-56hiAJPhwQ1R4i+21FVF7V8kSD5zZTdHcVuRFMW0hn753vVfQN8xlx4uOPT4xoGH0Z/oVATuR82AiqSTDIpaHg==, tarball: https://registry.npmjs.org/@esbuild/win32-x64/-/win32-x64-0.27.7.tgz}
    engines: {node: '>=18'}
    cpu: [x64]
    os: [win32]

  '@oxfmt/binding-android-arm-eabi@0.47.0':
    resolution: {integrity: sha512-KrMQRdMi/upr81qT4ijK6X6BNp6jqpMY7FwILQnwIy9QLc3qpnhUx5rsCLGzn4ewsCQ0CNAspN2ogmP1GXLyLw==, tarball: https://registry.npmjs.org/@oxfmt/binding-android-arm-eabi/-/binding-android-arm-eabi-0.47.0.tgz}
    engines: {node: ^20.19.0 || >=22.12.0}
    cpu: [arm]
    os: [android]

  '@oxfmt/binding-android-arm64@0.47.0':
    resolution: {integrity: sha512-r4ixS/PeUpAFKgrpDoZ5pSkthjZzVzKd95525Aazj+aOv9H4ulK5zYHGb7wFY5n5kZxHK8TbOJUZgoEb1ohddQ==, tarball: https://registry.npmjs.org/@oxfmt/binding-android-arm64/-/binding-android-arm64-0.47.0.tgz}
    engines: {node: ^20.19.0 || >=22.12.0}
    cpu: [arm64]
    os: [android]

  '@oxfmt/binding-darwin-arm64@0.47.0':
    resolution: {integrity: sha512-CLWxiKpMl+195cm09CuaWEhJK0CirRkoMa07aR9+9AFPat2LfIKtwx1JqxZM0MTvcMe6+adlJNdVL6jdInvq3g==, tarball: https://registry.npmjs.org/@oxfmt/binding-darwin-arm64/-/binding-darwin-arm64-0.47.0.tgz}
    engines: {node: ^20.19.0 || >=22.12.0}
    cpu: [arm64]
    os: [darwin]

  '@oxfmt/binding-darwin-x64@0.47.0':
    resolution: {integrity: sha512-Xq5fjTYDC50faUeLSm0rZdBqoTgleXEdD7NpJdARtQIczkCJn3xNjMUSQQkUmh4CtxkKTNL68lytcOK3e/osgg==, tarball: https://registry.npmjs.org/@oxfmt/binding-darwin-x64/-/binding-darwin-x64-0.47.0.tgz}
    engines: {node: ^20.19.0 || >=22.12.0}
    cpu: [x64]
    os: [darwin]

  '@oxfmt/binding-freebsd-x64@0.47.0':
    resolution: {integrity: sha512-QOU9ZIJ52p5askcEC0QJvvr8trHAWoonul8bgISo6gYUL3s50zkqafBYcNAr9LJZQbsZtPfIWHk9+5+nUp1qJQ==, tarball: https://registry.npmjs.org/@oxfmt/binding-freebsd-x64/-/binding-freebsd-x64-0.47.0.tgz}
    engines: {node: ^20.19.0 || >=22.12.0}
    cpu: [x64]
    os: [freebsd]

  '@oxfmt/binding-linux-arm-gnueabihf@0.47.0':
    resolution: {integrity: sha512-oJxDM1aBhPvz9gmElBv8UpxyiqhwfjcbrSxT5F0xtuUzY6dQI27/AQPIt3eu3Z5Yvn0kQl5R7MA3Z+MbnRvCBw==, tarball: https://registry.npmjs.org/@oxfmt/binding-linux-arm-gnueabihf/-/binding-linux-arm-gnueabihf-0.47.0.tgz}
    engines: {node: ^20.19.0 || >=22.12.0}
    cpu: [arm]
    os: [linux]

  '@oxfmt/binding-linux-arm-musleabihf@0.47.0':
    resolution: {integrity: sha512-g8Lh50VS4ibGz2q6v7r9UZY4D0dM16SdrFYOMzhqIoCwGcai8VMIRUAcqn1/jlCsOOzUXJ741+kCeJt0cofakQ==, tarball: https://registry.npmjs.org/@oxfmt/binding-linux-arm-musleabihf/-/binding-linux-arm-musleabihf-0.47.0.tgz}
    engines: {node: ^20.19.0 || >=22.12.0}
    cpu: [arm]
    os: [linux]

  '@oxfmt/binding-linux-arm64-gnu@0.47.0':
    resolution: {integrity: sha512-YrNT1vQ0asaXoRbrvYENPqmBfOQ9Xr8enPNOULeYfg44VjCcrUowFy5QZr+WawE0zyP8cH9e9Gxxg0fDEFzhcg==, tarball: https://registry.npmjs.org/@oxfmt/binding-linux-arm64-gnu/-/binding-linux-arm64-gnu-0.47.0.tgz}
    engines: {node: ^20.19.0 || >=22.12.0}
    cpu: [arm64]
    os: [linux]
    libc: [glibc]

  '@oxfmt/binding-linux-arm64-musl@0.47.0':
    resolution: {integrity: sha512-IxtQC/sbBi4ubbY+MdwdanRWrG9InQJVZqyMsBa5IUaQcnSg86gQme574HxXMC1p4bo4YhV99zQ+wNnGCvEgzw==, tarball: https://registry.npmjs.org/@oxfmt/binding-linux-arm64-musl/-/binding-linux-arm64-musl-0.47.0.tgz}
    engines: {node: ^20.19.0 || >=22.12.0}
    cpu: [arm64]
    os: [linux]
    libc: [musl]

  '@oxfmt/binding-linux-ppc64-gnu@0.47.0':
    resolution: {integrity: sha512-EWXEhOMbWO0q6eJSbu0QLkU8cKi0ljlYLngeDs2Ocu/pm1rrLwyQiYzlFbdnMRURI4w9ndr1sI9rSbhlJ5o23Q==, tarball: https://registry.npmjs.org/@oxfmt/binding-linux-ppc64-gnu/-/binding-linux-ppc64-gnu-0.47.0.tgz}
    engines: {node: ^20.19.0 || >=22.12.0}
    cpu: [ppc64]
    os: [linux]
    libc: [glibc]

  '@oxfmt/binding-linux-riscv64-gnu@0.47.0':
    resolution: {integrity: sha512-tZrjS11TUiDuEpRaqdk8K9F9xETRyKXfuZKmdeW+Gj7coBnm7+8sBEfyt033EAFEQSlkniAXvBLh+Qja2ioGBQ==, tarball: https://registry.npmjs.org/@oxfmt/binding-linux-riscv64-gnu/-/binding-linux-riscv64-gnu-0.47.0.tgz}
    engines: {node: ^20.19.0 || >=22.12.0}
    cpu: [riscv64]
    os: [linux]
    libc: [glibc]

  '@oxfmt/binding-linux-riscv64-musl@0.47.0':
    resolution: {integrity: sha512-KBFy+2CFKUCZzYwX2ZOPQKck1vjQbz+hextuc19G4r0WRJwadfAeuQMQRQvB+Ivc8brlbOVg7et8K7E467440g==, tarball: https://registry.npmjs.org/@oxfmt/binding-linux-riscv64-musl/-/binding-linux-riscv64-musl-0.47.0.tgz}
    engines: {node: ^20.19.0 || >=22.12.0}
    cpu: [riscv64]
    os: [linux]
    libc: [musl]

  '@oxfmt/binding-linux-s390x-gnu@0.47.0':
    resolution: {integrity: sha512-REUPFKVGSiK99B+9eaPhluEVglzaoj/SMykNC5SUiV2RSsBfV5lWN7Y0iCIc251Wz3GaeAGZsJ/zj3gjarxdFg==, tarball: https://registry.npmjs.org/@oxfmt/binding-linux-s390x-gnu/-/binding-linux-s390x-gnu-0.47.0.tgz}
    engines: {node: ^20.19.0 || >=22.12.0}
    cpu: [s390x]
    os: [linux]
    libc: [glibc]

  '@oxfmt/binding-linux-x64-gnu@0.47.0':
    resolution: {integrity: sha512-KVftVSVEDeIfRW3TIeLe3aNI/iY4m1fu5mDwHcisKMZSCMKLkrhFsjowC7o9RoqNPxbbglm2+/6KAKBIts2t0Q==, tarball: https://registry.npmjs.org/@oxfmt/binding-linux-x64-gnu/-/binding-linux-x64-gnu-0.47.0.tgz}
    engines: {node: ^20.19.0 || >=22.12.0}
    cpu: [x64]
    os: [linux]
    libc: [glibc]

  '@oxfmt/binding-linux-x64-musl@0.47.0':
    resolution: {integrity: sha512-DTsmGEaA2860Aq5VUyDO8/MT9NFxwVL93RnRYmpMwK6DsSkThmvEpqoUDDljziEpAedMRG19SCogrNbINSbLUQ==, tarball: https://registry.npmjs.org/@oxfmt/binding-linux-x64-musl/-/binding-linux-x64-musl-0.47.0.tgz}
    engines: {node: ^20.19.0 || >=22.12.0}
    cpu: [x64]
    os: [linux]
    libc: [musl]

  '@oxfmt/binding-openharmony-arm64@0.47.0':
    resolution: {integrity: sha512-8r5BDro7fLOBoq1JXHLVSs55OlrxQhEso4HVo0TcY7OXJUPYfjPoOaYL5us+yIwqyP9rQwN+rxuiNFSmaxSuOQ==, tarball: https://registry.npmjs.org/@oxfmt/binding-openharmony-arm64/-/binding-openharmony-arm64-0.47.0.tgz}
    engines: {node: ^20.19.0 || >=22.12.0}
    cpu: [arm64]
    os: [openharmony]

  '@oxfmt/binding-win32-arm64-msvc@0.47.0':
    resolution: {integrity: sha512-qtz/gzm8IjSPUlseZ0ofW8zyHLoZsuP5HTfcGGkWkUblB89JT8GNYH3ICqjbDsqsGqXum0/ZndXTFplSdXFIcg==, tarball: https://registry.npmjs.org/@oxfmt/binding-win32-arm64-msvc/-/binding-win32-arm64-msvc-0.47.0.tgz}
    engines: {node: ^20.19.0 || >=22.12.0}
    cpu: [arm64]
    os: [win32]

  '@oxfmt/binding-win32-ia32-msvc@0.47.0':
    resolution: {integrity: sha512-5vIcdcIDE7nCx+MXN6sm8kbC4zajDB31E86rez4i45iHNH/2NjdKlJ720xcHTr3eeiMcttCGPHPhE1TjtBDGZw==, tarball: https://registry.npmjs.org/@oxfmt/binding-win32-ia32-msvc/-/binding-win32-ia32-msvc-0.47.0.tgz}
    engines: {node: ^20.19.0 || >=22.12.0}
    cpu: [ia32]
    os: [win32]

  '@oxfmt/binding-win32-x64-msvc@0.47.0':
    resolution: {integrity: sha512-Sr59Y5ms54ONBjxFeWhVlGyQcHXxcl9DxC23f6yXlRkcos7LXBLoO+KDfxexjHIOZh7cWqrWduzvUjJ+pHp8cQ==, tarball: https://registry.npmjs.org/@oxfmt/binding-win32-x64-msvc/-/binding-win32-x64-msvc-0.47.0.tgz}
    engines: {node: ^20.19.0 || >=22.12.0}
    cpu: [x64]
    os: [win32]

  '@ttsc/darwin-arm64@0.4.4':
    resolution: {integrity: sha512-8ARerYDaepdzFWprdfcun1f1qVoFeF0dBor7cOpINxCnjF1C5QzxHbWkL39ujWP4VZ3RjxfsJAp5UP+oYo6UFg==, tarball: https://registry.npmjs.org/@ttsc/darwin-arm64/-/darwin-arm64-0.4.4.tgz}
    cpu: [arm64]
    os: [darwin]

  '@ttsc/darwin-x64@0.4.4':
    resolution: {integrity: sha512-q5hoiD0YwvgmObMCpxuPlLMo99v9rs3Ll73yQIyn311W+u6P9QSaM2fDK+89v5B3trZ7SSU4wvektVCFIFBo3A==, tarball: https://registry.npmjs.org/@ttsc/darwin-x64/-/darwin-x64-0.4.4.tgz}
    cpu: [x64]
    os: [darwin]

  '@ttsc/linux-arm64@0.4.4':
    resolution: {integrity: sha512-j02Uvb3iOEfJsV2037QcadNq0RnRZ0iqPy6WGcLa9/mkmcH0RYSURd4Tr6I8gH+P630f8Ar57aOsU2ctmAAtOA==, tarball: https://registry.npmjs.org/@ttsc/linux-arm64/-/linux-arm64-0.4.4.tgz}
    cpu: [arm64]
    os: [linux]

  '@ttsc/linux-arm@0.4.4':
    resolution: {integrity: sha512-npWHhr+rv5iHuqN0CbCU4vx1RJBL5rTDdQUckUxgUydomMmxkOVUZ7fcu/BlAERC4wQ7W6k5VqwbWE4Wwh6RQg==, tarball: https://registry.npmjs.org/@ttsc/linux-arm/-/linux-arm-0.4.4.tgz}
    cpu: [arm]
    os: [linux]

  '@ttsc/linux-x64@0.4.4':
    resolution: {integrity: sha512-o/+L/G5aj3WWJa1DqVyjQq0QXSsE217y6BKN6Kt+6t6AmUeUNkV22Y9GXRFbfDR9gFHkM+C4Xt6gPb/xSXMYNw==, tarball: https://registry.npmjs.org/@ttsc/linux-x64/-/linux-x64-0.4.4.tgz}
    cpu: [x64]
    os: [linux]

  '@ttsc/win32-arm64@0.4.4':
    resolution: {integrity: sha512-gKxJrlMO/2XrSv7ccOexCwah0WMznxoVuIZZFCRV39FrYQte3gGXlAL3SVDJbZCrt8qVbXbise6y1Pn6Mf1hQw==, tarball: https://registry.npmjs.org/@ttsc/win32-arm64/-/win32-arm64-0.4.4.tgz}
    cpu: [arm64]
    os: [win32]

  '@ttsc/win32-x64@0.4.4':
    resolution: {integrity: sha512-Jdo2pBf9u96sjo9+lW7yJMdnPgYdey3qQHE2k5tNPr2w2si3KAPfS/th56egyZ3NMrME3a4EXmdV/kPwhjGOEw==, tarball: https://registry.npmjs.org/@ttsc/win32-x64/-/win32-x64-0.4.4.tgz}
    cpu: [x64]
    os: [win32]

  '@types/node@25.6.0':
    resolution: {integrity: sha512-+qIYRKdNYJwY3vRCZMdJbPLJAtGjQBudzZzdzwQYkEPQd+PJGixUL5QfvCLDaULoLv+RhT3LDkwEfKaAkgSmNQ==, tarball: https://registry.npmjs.org/@types/node/-/node-25.6.0.tgz}

  '@typescript/native-preview-darwin-arm64@7.0.0-dev.20260428.1':
    resolution: {integrity: sha512-Lll6WmXfgTEj1G3QBIoHlabQwUtJiyhlRgSLksa06QFL5BoA7V+Lu1waa9PtPNZbGsXLDMHodtk/bRQABKuPiw==, tarball: https://registry.npmjs.org/@typescript/native-preview-darwin-arm64/-/native-preview-darwin-arm64-7.0.0-dev.20260428.1.tgz}
    engines: {node: '>=16.20.0'}
    cpu: [arm64]
    os: [darwin]

  '@typescript/native-preview-darwin-x64@7.0.0-dev.20260428.1':
    resolution: {integrity: sha512-WbsBNSHlo+4sGrTxDWdmI7r8x48tCtSCuKdmK62FvVOq58UWAs6sL13Z4Rev4ohLcGHdXC5E/8AIdpLPqDYQpw==, tarball: https://registry.npmjs.org/@typescript/native-preview-darwin-x64/-/native-preview-darwin-x64-7.0.0-dev.20260428.1.tgz}
    engines: {node: '>=16.20.0'}
    cpu: [x64]
    os: [darwin]

  '@typescript/native-preview-linux-arm64@7.0.0-dev.20260428.1':
    resolution: {integrity: sha512-cgcBX/ZBMdepkamLT8g8jQdHe7DZS/s6zTZRof6mvcrnJHlMeUnKoC9UO8/c22IrUMV3n0XPh7R8FYjUP0ll+Q==, tarball: https://registry.npmjs.org/@typescript/native-preview-linux-arm64/-/native-preview-linux-arm64-7.0.0-dev.20260428.1.tgz}
    engines: {node: '>=16.20.0'}
    cpu: [arm64]
    os: [linux]

  '@typescript/native-preview-linux-arm@7.0.0-dev.20260428.1':
    resolution: {integrity: sha512-/d/NnZFvEJU67L5mHh+cO3gsfwNCvJ9HGtxGq1KGz1VwTabOIcwLdpTpfsAR39WXzzfh9GJHL28n6GSGZInPow==, tarball: https://registry.npmjs.org/@typescript/native-preview-linux-arm/-/native-preview-linux-arm-7.0.0-dev.20260428.1.tgz}
    engines: {node: '>=16.20.0'}
    cpu: [arm]
    os: [linux]

  '@typescript/native-preview-linux-x64@7.0.0-dev.20260428.1':
    resolution: {integrity: sha512-4gJCE7wzenx1BH2Vtx2uKWUo8rFxnhGkxNEH1zxbYy/6ASwo+PnOPYmKHAzNE1C3yB5lzw71/vR5p5zyO57Y4A==, tarball: https://registry.npmjs.org/@typescript/native-preview-linux-x64/-/native-preview-linux-x64-7.0.0-dev.20260428.1.tgz}
    engines: {node: '>=16.20.0'}
    cpu: [x64]
    os: [linux]

  '@typescript/native-preview-win32-arm64@7.0.0-dev.20260428.1':
    resolution: {integrity: sha512-yn6Rzbn62L4QTWrp0QgG8al6l/VG7PCPRdbE0vuGDSlKhInlC+Flo4QSc1qA8KHTbpHgl+nEsq9DymiitI4G4g==, tarball: https://registry.npmjs.org/@typescript/native-preview-win32-arm64/-/native-preview-win32-arm64-7.0.0-dev.20260428.1.tgz}
    engines: {node: '>=16.20.0'}
    cpu: [arm64]
    os: [win32]

  '@typescript/native-preview-win32-x64@7.0.0-dev.20260428.1':
    resolution: {integrity: sha512-T9z13mcMowXmwGjprA2FIR2EEdYZxgqH8+qk7dFZVBlo5vfk41AN/qJfAdN7IsAhEb640MJ8cMN/aiczweZKmA==, tarball: https://registry.npmjs.org/@typescript/native-preview-win32-x64/-/native-preview-win32-x64-7.0.0-dev.20260428.1.tgz}
    engines: {node: '>=16.20.0'}
    cpu: [x64]
    os: [win32]

  '@typescript/native-preview@7.0.0-dev.20260428.1':
    resolution: {integrity: sha512-JiM4PYWDGs57TT0mV2KArmaW7BnTkk3XRid79NdG17tfvDbRyg4hBCpKI7vARiQPtxjKrHlxyzxOGDpv5W5T7Q==, tarball: https://registry.npmjs.org/@typescript/native-preview/-/native-preview-7.0.0-dev.20260428.1.tgz}
    engines: {node: '>=16.20.0'}
    hasBin: true

  '@virtual-live-lab/tsconfig@2.1.21':
    resolution: {integrity: sha512-AV4Am2jyqpUHoxtYZQ39/dinekkB1X5M5u35xI7dA8lYpmSculhf5JLKeuxAiGCWAPGoeoYkvZEbujNNrbZKzw==, tarball: https://registry.npmjs.org/@virtual-live-lab/tsconfig/-/tsconfig-2.1.21.tgz}
    peerDependencies:
      typescript: ^5.0.0

  esbuild@0.27.7:
    resolution: {integrity: sha512-IxpibTjyVnmrIQo5aqNpCgoACA/dTKLTlhMHihVHhdkxKyPO1uBBthumT0rdHmcsk9uMonIWS0m4FljWzILh3w==, tarball: https://registry.npmjs.org/esbuild/-/esbuild-0.27.7.tgz}
    engines: {node: '>=18'}
    hasBin: true

  fsevents@2.3.3:
    resolution: {integrity: sha512-5xoDfX+fL7faATnagmWPpbFtwh/R77WmMMqqHGS65C3vvB0YHrgF+B1YmZ3441tMj5n63k0212XNoJwzlhffQw==, tarball: https://registry.npmjs.org/fsevents/-/fsevents-2.3.3.tgz}
    engines: {node: ^8.16.0 || ^10.6.0 || >=11.0.0}
    os: [darwin]

  get-tsconfig@4.14.0:
    resolution: {integrity: sha512-yTb+8DXzDREzgvYmh6s9vHsSVCHeC0G3PI5bEXNBHtmshPnO+S5O7qgLEOn0I5QvMy6kpZN8K1NKGyilLb93wA==, tarball: https://registry.npmjs.org/get-tsconfig/-/get-tsconfig-4.14.0.tgz}

  oxfmt@0.47.0:
    resolution: {integrity: sha512-OFbkbzxKCpooQEnRmpTDnuwTX8KHXzZTQ4Df/hz85fpS67Pl+lxPEFvUtin56HIIS0B1k4X8oIzTXRZPufA2CA==, tarball: https://registry.npmjs.org/oxfmt/-/oxfmt-0.47.0.tgz}
    engines: {node: ^20.19.0 || >=22.12.0}
    hasBin: true

  resolve-pkg-maps@1.0.0:
    resolution: {integrity: sha512-seS2Tj26TBVOC2NIc2rOe2y2ZO7efxITtLZcGSOnHHNOQ7CkiUBfw0Iw2ck6xkIhPwLhKNLS8BO+hEpngQlqzw==, tarball: https://registry.npmjs.org/resolve-pkg-maps/-/resolve-pkg-maps-1.0.0.tgz}

  tinypool@2.1.0:
    resolution: {integrity: sha512-Pugqs6M0m7Lv1I7FtxN4aoyToKg1C4tu+/381vH35y8oENM/Ai7f7C4StcoK4/+BSw9ebcS8jRiVrORFKCALLw==, tarball: https://registry.npmjs.org/tinypool/-/tinypool-2.1.0.tgz}
    engines: {node: ^20.0.0 || >=22.0.0}

  tsx@4.21.0:
    resolution: {integrity: sha512-5C1sg4USs1lfG0GFb2RLXsdpXqBSEhAaA/0kPL01wxzpMqLILNxIxIOKiILz+cdg/pLnOUxFYOR5yhHU666wbw==, tarball: https://registry.npmjs.org/tsx/-/tsx-4.21.0.tgz}
    engines: {node: '>=18.0.0'}
    hasBin: true

  ttsc@0.4.4:
    resolution: {integrity: sha512-Ge3fy/ucvFANWjXQ7+R0mhGJfHxFaOYp2ZynXAEMW5HNpRD5IMVIB/gPZuefST64/gR2mJ7uggE4ze0wEiYN3Q==, tarball: https://registry.npmjs.org/ttsc/-/ttsc-0.4.4.tgz}
    hasBin: true

  typescript@5.9.3:
    resolution: {integrity: sha512-jl1vZzPDinLr9eUt3J/t7V6FgNEw9QjvBPdysz9KfQDD41fQrC2Y4vKQdiaUpFT4bXlb1RHhLpp8wtm6M5TgSw==, tarball: https://registry.npmjs.org/typescript/-/typescript-5.9.3.tgz}
    engines: {node: '>=14.17'}
    hasBin: true

  undici-types@7.19.2:
    resolution: {integrity: sha512-qYVnV5OEm2AW8cJMCpdV20CDyaN3g0AjDlOGf1OW4iaDEx8MwdtChUp4zu4H0VP3nDRF/8RKWH+IPp9uW0YGZg==, tarball: https://registry.npmjs.org/undici-types/-/undici-types-7.19.2.tgz}

snapshots:

  '@esbuild/aix-ppc64@0.27.7':
    optional: true

  '@esbuild/android-arm64@0.27.7':
    optional: true

  '@esbuild/android-arm@0.27.7':
    optional: true

  '@esbuild/android-x64@0.27.7':
    optional: true

  '@esbuild/darwin-arm64@0.27.7':
    optional: true

  '@esbuild/darwin-x64@0.27.7':
    optional: true

  '@esbuild/freebsd-arm64@0.27.7':
    optional: true

  '@esbuild/freebsd-x64@0.27.7':
    optional: true

  '@esbuild/linux-arm64@0.27.7':
    optional: true

  '@esbuild/linux-arm@0.27.7':
    optional: true

  '@esbuild/linux-ia32@0.27.7':
    optional: true

  '@esbuild/linux-loong64@0.27.7':
    optional: true

  '@esbuild/linux-mips64el@0.27.7':
    optional: true

  '@esbuild/linux-ppc64@0.27.7':
    optional: true

  '@esbuild/linux-riscv64@0.27.7':
    optional: true

  '@esbuild/linux-s390x@0.27.7':
    optional: true

  '@esbuild/linux-x64@0.27.7':
    optional: true

  '@esbuild/netbsd-arm64@0.27.7':
    optional: true

  '@esbuild/netbsd-x64@0.27.7':
    optional: true

  '@esbuild/openbsd-arm64@0.27.7':
    optional: true

  '@esbuild/openbsd-x64@0.27.7':
    optional: true

  '@esbuild/openharmony-arm64@0.27.7':
    optional: true

  '@esbuild/sunos-x64@0.27.7':
    optional: true

  '@esbuild/win32-arm64@0.27.7':
    optional: true

  '@esbuild/win32-ia32@0.27.7':
    optional: true

  '@esbuild/win32-x64@0.27.7':
    optional: true

  '@oxfmt/binding-android-arm-eabi@0.47.0':
    optional: true

  '@oxfmt/binding-android-arm64@0.47.0':
    optional: true

  '@oxfmt/binding-darwin-arm64@0.47.0':
    optional: true

  '@oxfmt/binding-darwin-x64@0.47.0':
    optional: true

  '@oxfmt/binding-freebsd-x64@0.47.0':
    optional: true

  '@oxfmt/binding-linux-arm-gnueabihf@0.47.0':
    optional: true

  '@oxfmt/binding-linux-arm-musleabihf@0.47.0':
    optional: true

  '@oxfmt/binding-linux-arm64-gnu@0.47.0':
    optional: true

  '@oxfmt/binding-linux-arm64-musl@0.47.0':
    optional: true

  '@oxfmt/binding-linux-ppc64-gnu@0.47.0':
    optional: true

  '@oxfmt/binding-linux-riscv64-gnu@0.47.0':
    optional: true

  '@oxfmt/binding-linux-riscv64-musl@0.47.0':
    optional: true

  '@oxfmt/binding-linux-s390x-gnu@0.47.0':
    optional: true

  '@oxfmt/binding-linux-x64-gnu@0.47.0':
    optional: true

  '@oxfmt/binding-linux-x64-musl@0.47.0':
    optional: true

  '@oxfmt/binding-openharmony-arm64@0.47.0':
    optional: true

  '@oxfmt/binding-win32-arm64-msvc@0.47.0':
    optional: true

  '@oxfmt/binding-win32-ia32-msvc@0.47.0':
    optional: true

  '@oxfmt/binding-win32-x64-msvc@0.47.0':
    optional: true

  '@ttsc/darwin-arm64@0.4.4':
    optional: true

  '@ttsc/darwin-x64@0.4.4':
    optional: true

  '@ttsc/linux-arm64@0.4.4':
    optional: true

  '@ttsc/linux-arm@0.4.4':
    optional: true

  '@ttsc/linux-x64@0.4.4':
    optional: true

  '@ttsc/win32-arm64@0.4.4':
    optional: true

  '@ttsc/win32-x64@0.4.4':
    optional: true

  '@types/node@25.6.0':
    dependencies:
      undici-types: 7.19.2

  '@typescript/native-preview-darwin-arm64@7.0.0-dev.20260428.1':
    optional: true

  '@typescript/native-preview-darwin-x64@7.0.0-dev.20260428.1':
    optional: true

  '@typescript/native-preview-linux-arm64@7.0.0-dev.20260428.1':
    optional: true

  '@typescript/native-preview-linux-arm@7.0.0-dev.20260428.1':
    optional: true

  '@typescript/native-preview-linux-x64@7.0.0-dev.20260428.1':
    optional: true

  '@typescript/native-preview-win32-arm64@7.0.0-dev.20260428.1':
    optional: true

  '@typescript/native-preview-win32-x64@7.0.0-dev.20260428.1':
    optional: true

  '@typescript/native-preview@7.0.0-dev.20260428.1':
    optionalDependencies:
      '@typescript/native-preview-darwin-arm64': 7.0.0-dev.20260428.1
      '@typescript/native-preview-darwin-x64': 7.0.0-dev.20260428.1
      '@typescript/native-preview-linux-arm': 7.0.0-dev.20260428.1
      '@typescript/native-preview-linux-arm64': 7.0.0-dev.20260428.1
      '@typescript/native-preview-linux-x64': 7.0.0-dev.20260428.1
      '@typescript/native-preview-win32-arm64': 7.0.0-dev.20260428.1
      '@typescript/native-preview-win32-x64': 7.0.0-dev.20260428.1

  '@virtual-live-lab/tsconfig@2.1.21(typescript@5.9.3)':
    dependencies:
      typescript: 5.9.3

  esbuild@0.27.7:
    optionalDependencies:
      '@esbuild/aix-ppc64': 0.27.7
      '@esbuild/android-arm': 0.27.7
      '@esbuild/android-arm64': 0.27.7
      '@esbuild/android-x64': 0.27.7
      '@esbuild/darwin-arm64': 0.27.7
      '@esbuild/darwin-x64': 0.27.7
      '@esbuild/freebsd-arm64': 0.27.7
      '@esbuild/freebsd-x64': 0.27.7
      '@esbuild/linux-arm': 0.27.7
      '@esbuild/linux-arm64': 0.27.7
      '@esbuild/linux-ia32': 0.27.7
      '@esbuild/linux-loong64': 0.27.7
      '@esbuild/linux-mips64el': 0.27.7
      '@esbuild/linux-ppc64': 0.27.7
      '@esbuild/linux-riscv64': 0.27.7
      '@esbuild/linux-s390x': 0.27.7
      '@esbuild/linux-x64': 0.27.7
      '@esbuild/netbsd-arm64': 0.27.7
      '@esbuild/netbsd-x64': 0.27.7
      '@esbuild/openbsd-arm64': 0.27.7
      '@esbuild/openbsd-x64': 0.27.7
      '@esbuild/openharmony-arm64': 0.27.7
      '@esbuild/sunos-x64': 0.27.7
      '@esbuild/win32-arm64': 0.27.7
      '@esbuild/win32-ia32': 0.27.7
      '@esbuild/win32-x64': 0.27.7

  fsevents@2.3.3:
    optional: true

  get-tsconfig@4.14.0:
    dependencies:
      resolve-pkg-maps: 1.0.0

  oxfmt@0.47.0:
    dependencies:
      tinypool: 2.1.0
    optionalDependencies:
      '@oxfmt/binding-android-arm-eabi': 0.47.0
      '@oxfmt/binding-android-arm64': 0.47.0
      '@oxfmt/binding-darwin-arm64': 0.47.0
      '@oxfmt/binding-darwin-x64': 0.47.0
      '@oxfmt/binding-freebsd-x64': 0.47.0
      '@oxfmt/binding-linux-arm-gnueabihf': 0.47.0
      '@oxfmt/binding-linux-arm-musleabihf': 0.47.0
      '@oxfmt/binding-linux-arm64-gnu': 0.47.0
      '@oxfmt/binding-linux-arm64-musl': 0.47.0
      '@oxfmt/binding-linux-ppc64-gnu': 0.47.0
      '@oxfmt/binding-linux-riscv64-gnu': 0.47.0
      '@oxfmt/binding-linux-riscv64-musl': 0.47.0
      '@oxfmt/binding-linux-s390x-gnu': 0.47.0
      '@oxfmt/binding-linux-x64-gnu': 0.47.0
      '@oxfmt/binding-linux-x64-musl': 0.47.0
      '@oxfmt/binding-openharmony-arm64': 0.47.0
      '@oxfmt/binding-win32-arm64-msvc': 0.47.0
      '@oxfmt/binding-win32-ia32-msvc': 0.47.0
      '@oxfmt/binding-win32-x64-msvc': 0.47.0

  resolve-pkg-maps@1.0.0: {}

  tinypool@2.1.0: {}

  tsx@4.21.0:
    dependencies:
      esbuild: 0.27.7
      get-tsconfig: 4.14.0
    optionalDependencies:
      fsevents: 2.3.3

  ttsc@0.4.4:
    optionalDependencies:
      '@ttsc/darwin-arm64': 0.4.4
      '@ttsc/darwin-x64': 0.4.4
      '@ttsc/linux-arm': 0.4.4
      '@ttsc/linux-arm64': 0.4.4
      '@ttsc/linux-x64': 0.4.4
      '@ttsc/win32-arm64': 0.4.4
      '@ttsc/win32-x64': 0.4.4

  typescript@5.9.3: {}

  undici-types@7.19.2: {}
